
Microsoft Visual Studio Solution File, Format Version 12.00
# Visual Studio Version 17
VisualStudioVersion = 17.4.33103.184
MinimumVisualStudioVersion = 10.0.40219.1
Project("{FAE04EC0-301F-11D3-BF4B-00C04F79EFBC}") = "legendarios_API", "legendarios_API\legendarios_API.csproj", "{D700D4FE-DACE-4E50-8025-72B182E7F2A8}"
EndProject
Global
	GlobalSection(SolutionConfigurationPlatforms) = preSolution
		Debug|Any CPU = Debug|Any CPU
		Release|Any CPU = Release|Any CPU
	EndGlobalSection
	GlobalSection(ProjectConfigurationPlatforms) = postSolution
		{D700D4FE-DACE-4E50-8025-72B182E7F2A8}.Debug|Any CPU.ActiveCfg = Debug|Any CPU
		{D700D4FE-DACE-4E50-8025-72B182E7F2A8}.Debug|Any CPU.Build.0 = Debug|Any CPU
		{D700D4FE-DACE-4E50-8025-72B182E7F2A8}.Release|Any CPU.ActiveCfg = Release|Any CPU
		{D700D4FE-DACE-4E50-8025-72B182E7F2A8}.Release|Any CPU.Build.0 = Release|Any CPU
	EndGlobalSection
	GlobalSection(SolutionProperties) = preSolution
		HideSolutionNode = FALSE
	EndGlobalSection
	GlobalSection(ExtensibilityGlobals) = postSolution
		SolutionGuid = {4EC9A654-DB9A-404F-BF1A-5DADBF701135}
	EndGlobalSection
EndGlobal
